
Microsoft Visual Studio Solution File, Format Version 12.00
# Visual Studio Version 16
VisualStudioVersion = 16.0.29519.181
MinimumVisualStudioVersion = 10.0.40219.1
Project("{FAE04EC0-301F-11D3-BF4B-00C04F79EFBC}") = "MyEncryptTool", "MyEncryptTool\MyEncryptTool.csproj", "{4A572AB0-DEDF-4735-88E6-D1AB813BE679}"
EndProject
Global
	GlobalSection(SolutionConfigurationPlatforms) = preSolution
		Debug|Any CPU = Debug|Any CPU
		Release|Any CPU = Release|Any CPU
	EndGlobalSection
	GlobalSection(ProjectConfigurationPlatforms) = postSolution
		{4A572AB0-DEDF-4735-88E6-D1AB813BE679}.Debug|Any CPU.ActiveCfg = Debug|Any CPU
		{4A572AB0-DEDF-4735-88E6-D1AB813BE679}.Debug|Any CPU.Build.0 = Debug|Any CPU
		{4A572AB0-DEDF-4735-88E6-D1AB813BE679}.Release|Any CPU.ActiveCfg = Release|Any CPU
		{4A572AB0-DEDF-4735-88E6-D1AB813BE679}.Release|Any CPU.Build.0 = Release|Any CPU
	EndGlobalSection
	GlobalSection(SolutionProperties) = preSolution
		HideSolutionNode = FALSE
	EndGlobalSection
	GlobalSection(ExtensibilityGlobals) = postSolution
		SolutionGuid = {8A2CFFF3-91B7-47EC-B7CD-ED33C4D8D98C}
	EndGlobalSection
EndGlobal
